// !$*UTF8*$!
{
	archiveVersion = 1;
	classes = {
	};
	objectVersion = 51;
	objects = {

/* Begin PBXBuildFile section */
		2F3FC61FD8964490F0A10638 /* Pods_Movs.framework in Frameworks */ = {isa = PBXBuildFile; fileRef = 6314AD726F8A80A34C511C1D /* Pods_Movs.framework */; };
		7605D5A024FD98020070B9B9 /* AppDelegate.swift in Sources */ = {isa = PBXBuildFile; fileRef = 7605D59F24FD98020070B9B9 /* AppDelegate.swift */; };
		7605D5A424FD98020070B9B9 /* ViewController.swift in Sources */ = {isa = PBXBuildFile; fileRef = 7605D5A324FD98020070B9B9 /* ViewController.swift */; };
		7605D5A924FD98030070B9B9 /* Assets.xcassets in Resources */ = {isa = PBXBuildFile; fileRef = 7605D5A824FD98030070B9B9 /* Assets.xcassets */; };
		7605D5AC24FD98030070B9B9 /* LaunchScreen.storyboard in Resources */ = {isa = PBXBuildFile; fileRef = 7605D5AA24FD98030070B9B9 /* LaunchScreen.storyboard */; };
		7605D5B624FD98950070B9B9 /* MainScreenViewController.swift in Sources */ = {isa = PBXBuildFile; fileRef = 7605D5B424FD98950070B9B9 /* MainScreenViewController.swift */; };
		7605D5B724FD98950070B9B9 /* MainScreenViewController.xib in Resources */ = {isa = PBXBuildFile; fileRef = 7605D5B524FD98950070B9B9 /* MainScreenViewController.xib */; };
		7605D5BB24FDA7B10070B9B9 /* DetailScreenViewController.swift in Sources */ = {isa = PBXBuildFile; fileRef = 7605D5B924FDA7B10070B9B9 /* DetailScreenViewController.swift */; };
		7605D5BC24FDA7B10070B9B9 /* DetailScreenViewController.xib in Resources */ = {isa = PBXBuildFile; fileRef = 7605D5BA24FDA7B10070B9B9 /* DetailScreenViewController.xib */; };
		7605D5C024FDA7DC0070B9B9 /* FavoritesScreenViewController.swift in Sources */ = {isa = PBXBuildFile; fileRef = 7605D5BE24FDA7DC0070B9B9 /* FavoritesScreenViewController.swift */; };
		7605D5C124FDA7DC0070B9B9 /* FavoritesScreenViewController.xib in Resources */ = {isa = PBXBuildFile; fileRef = 7605D5BF24FDA7DC0070B9B9 /* FavoritesScreenViewController.xib */; };
		7605D5C924FDC57A0070B9B9 /* MovieCollectionViewCell.swift in Sources */ = {isa = PBXBuildFile; fileRef = 7605D5C724FDC57A0070B9B9 /* MovieCollectionViewCell.swift */; };
		7605D5CA24FDC57A0070B9B9 /* MovieCollectionViewCell.xib in Resources */ = {isa = PBXBuildFile; fileRef = 7605D5C824FDC57A0070B9B9 /* MovieCollectionViewCell.xib */; };
		7605D5CE24FDCD750070B9B9 /* FavoriteTableViewCell.swift in Sources */ = {isa = PBXBuildFile; fileRef = 7605D5CC24FDCD750070B9B9 /* FavoriteTableViewCell.swift */; };
		7605D5CF24FDCD750070B9B9 /* FavoriteTableViewCell.xib in Resources */ = {isa = PBXBuildFile; fileRef = 7605D5CD24FDCD750070B9B9 /* FavoriteTableViewCell.xib */; };
		7605D5D224FED72C0070B9B9 /* BaseData.swift in Sources */ = {isa = PBXBuildFile; fileRef = 7605D5D124FED72C0070B9B9 /* BaseData.swift */; };
		7605D5DA24FEE0F40070B9B9 /* MovsTests.swift in Sources */ = {isa = PBXBuildFile; fileRef = 7605D5D924FEE0F40070B9B9 /* MovsTests.swift */; };
		7605D5E324FEE12F0070B9B9 /* MovieTests.swift in Sources */ = {isa = PBXBuildFile; fileRef = 7605D5E224FEE12F0070B9B9 /* MovieTests.swift */; };
		762B47C124FFD38900CF610E /* REST.swift in Sources */ = {isa = PBXBuildFile; fileRef = 762B47C024FFD38900CF610E /* REST.swift */; };
		762B47C424FFD8B200CF610E /* MoviesModel.swift in Sources */ = {isa = PBXBuildFile; fileRef = 762B47C324FFD8B200CF610E /* MoviesModel.swift */; };
		763A46292501901E00A8CF5C /* FavoriteManager.swift in Sources */ = {isa = PBXBuildFile; fileRef = 763A46282501901E00A8CF5C /* FavoriteManager.swift */; };
/* End PBXBuildFile section */

/* Begin PBXContainerItemProxy section */
		7605D5DC24FEE0F40070B9B9 /* PBXContainerItemProxy */ = {
			isa = PBXContainerItemProxy;
			containerPortal = 7605D59424FD98020070B9B9 /* Project object */;
			proxyType = 1;
			remoteGlobalIDString = 7605D59B24FD98020070B9B9;
			remoteInfo = Movs;
		};
/* End PBXContainerItemProxy section */

/* Begin PBXFileReference section */
		336DA6D4C7DD99EFB1C70EA3 /* Pods-Movs.release.xcconfig */ = {isa = PBXFileReference; includeInIndex = 1; lastKnownFileType = text.xcconfig; name = "Pods-Movs.release.xcconfig"; path = "Target Support Files/Pods-Movs/Pods-Movs.release.xcconfig"; sourceTree = "<group>"; };
		6314AD726F8A80A34C511C1D /* Pods_Movs.framework */ = {isa = PBXFileReference; explicitFileType = wrapper.framework; includeInIndex = 0; path = Pods_Movs.framework; sourceTree = BUILT_PRODUCTS_DIR; };
		7605D59C24FD98020070B9B9 /* Movs.app */ = {isa = PBXFileReference; explicitFileType = wrapper.application; includeInIndex = 0; path = Movs.app; sourceTree = BUILT_PRODUCTS_DIR; };
		7605D59F24FD98020070B9B9 /* AppDelegate.swift */ = {isa = PBXFileReference; lastKnownFileType = sourcecode.swift; path = AppDelegate.swift; sourceTree = "<group>"; };
		7605D5A324FD98020070B9B9 /* ViewController.swift */ = {isa = PBXFileReference; lastKnownFileType = sourcecode.swift; path = ViewController.swift; sourceTree = "<group>"; };
		7605D5A824FD98030070B9B9 /* Assets.xcassets */ = {isa = PBXFileReference; lastKnownFileType = folder.assetcatalog; path = Assets.xcassets; sourceTree = "<group>"; };
		7605D5AB24FD98030070B9B9 /* Base */ = {isa = PBXFileReference; lastKnownFileType = file.storyboard; name = Base; path = Base.lproj/LaunchScreen.storyboard; sourceTree = "<group>"; };
		7605D5AD24FD98030070B9B9 /* Info.plist */ = {isa = PBXFileReference; lastKnownFileType = text.plist.xml; path = Info.plist; sourceTree = "<group>"; };
		7605D5B424FD98950070B9B9 /* MainScreenViewController.swift */ = {isa = PBXFileReference; lastKnownFileType = sourcecode.swift; path = MainScreenViewController.swift; sourceTree = "<group>"; };
		7605D5B524FD98950070B9B9 /* MainScreenViewController.xib */ = {isa = PBXFileReference; lastKnownFileType = file.xib; path = MainScreenViewController.xib; sourceTree = "<group>"; };
		7605D5B924FDA7B10070B9B9 /* DetailScreenViewController.swift */ = {isa = PBXFileReference; lastKnownFileType = sourcecode.swift; path = DetailScreenViewController.swift; sourceTree = "<group>"; };
		7605D5BA24FDA7B10070B9B9 /* DetailScreenViewController.xib */ = {isa = PBXFileReference; lastKnownFileType = file.xib; path = DetailScreenViewController.xib; sourceTree = "<group>"; };
		7605D5BE24FDA7DC0070B9B9 /* FavoritesScreenViewController.swift */ = {isa = PBXFileReference; lastKnownFileType = sourcecode.swift; path = FavoritesScreenViewController.swift; sourceTree = "<group>"; };
		7605D5BF24FDA7DC0070B9B9 /* FavoritesScreenViewController.xib */ = {isa = PBXFileReference; lastKnownFileType = file.xib; path = FavoritesScreenViewController.xib; sourceTree = "<group>"; };
		7605D5C724FDC57A0070B9B9 /* MovieCollectionViewCell.swift */ = {isa = PBXFileReference; lastKnownFileType = sourcecode.swift; path = MovieCollectionViewCell.swift; sourceTree = "<group>"; };
		7605D5C824FDC57A0070B9B9 /* MovieCollectionViewCell.xib */ = {isa = PBXFileReference; lastKnownFileType = file.xib; path = MovieCollectionViewCell.xib; sourceTree = "<group>"; };
		7605D5CC24FDCD750070B9B9 /* FavoriteTableViewCell.swift */ = {isa = PBXFileReference; lastKnownFileType = sourcecode.swift; path = FavoriteTableViewCell.swift; sourceTree = "<group>"; };
		7605D5CD24FDCD750070B9B9 /* FavoriteTableViewCell.xib */ = {isa = PBXFileReference; lastKnownFileType = file.xib; path = FavoriteTableViewCell.xib; sourceTree = "<group>"; };
		7605D5D124FED72C0070B9B9 /* BaseData.swift */ = {isa = PBXFileReference; lastKnownFileType = sourcecode.swift; path = BaseData.swift; sourceTree = "<group>"; };
		7605D5D724FEE0F40070B9B9 /* MovsTests.xctest */ = {isa = PBXFileReference; explicitFileType = wrapper.cfbundle; includeInIndex = 0; path = MovsTests.xctest; sourceTree = BUILT_PRODUCTS_DIR; };
		7605D5D924FEE0F40070B9B9 /* MovsTests.swift */ = {isa = PBXFileReference; lastKnownFileType = sourcecode.swift; path = MovsTests.swift; sourceTree = "<group>"; };
		7605D5DB24FEE0F40070B9B9 /* Info.plist */ = {isa = PBXFileReference; lastKnownFileType = text.plist.xml; path = Info.plist; sourceTree = "<group>"; };
		7605D5E224FEE12F0070B9B9 /* MovieTests.swift */ = {isa = PBXFileReference; lastKnownFileType = sourcecode.swift; path = MovieTests.swift; sourceTree = "<group>"; };
		762B47C024FFD38900CF610E /* REST.swift */ = {isa = PBXFileReference; lastKnownFileType = sourcecode.swift; path = REST.swift; sourceTree = "<group>"; };
		762B47C324FFD8B200CF610E /* MoviesModel.swift */ = {isa = PBXFileReference; lastKnownFileType = sourcecode.swift; path = MoviesModel.swift; sourceTree = "<group>"; };
		763A4623250025F000A8CF5C /* Kingfisher.framework */ = {isa = PBXFileReference; explicitFileType = wrapper.framework; path = Kingfisher.framework; sourceTree = BUILT_PRODUCTS_DIR; };
		763A46282501901E00A8CF5C /* FavoriteManager.swift */ = {isa = PBXFileReference; lastKnownFileType = sourcecode.swift; path = FavoriteManager.swift; sourceTree = "<group>"; };
		B47423A028E07F239AE83F18 /* Pods-Movs.debug.xcconfig */ = {isa = PBXFileReference; includeInIndex = 1; lastKnownFileType = text.xcconfig; name = "Pods-Movs.debug.xcconfig"; path = "Target Support Files/Pods-Movs/Pods-Movs.debug.xcconfig"; sourceTree = "<group>"; };
/* End PBXFileReference section */

/* Begin PBXFrameworksBuildPhase section */
		7605D59924FD98020070B9B9 /* Frameworks */ = {
			isa = PBXFrameworksBuildPhase;
			buildActionMask = 2147483647;
			files = (
				2F3FC61FD8964490F0A10638 /* Pods_Movs.framework in Frameworks */,
			);
			runOnlyForDeploymentPostprocessing = 0;
		};
		7605D5D424FEE0F40070B9B9 /* Frameworks */ = {
			isa = PBXFrameworksBuildPhase;
			buildActionMask = 2147483647;
			files = (
			);
			runOnlyForDeploymentPostprocessing = 0;
		};
/* End PBXFrameworksBuildPhase section */

/* Begin PBXGroup section */
		19909DA9F78C2B2FE6C5B70B /* Frameworks */ = {
			isa = PBXGroup;
			children = (
				763A4623250025F000A8CF5C /* Kingfisher.framework */,
				6314AD726F8A80A34C511C1D /* Pods_Movs.framework */,
			);
			name = Frameworks;
			sourceTree = "<group>";
		};
		44BB02911D71706F40A65D61 /* Pods */ = {
			isa = PBXGroup;
			children = (
				B47423A028E07F239AE83F18 /* Pods-Movs.debug.xcconfig */,
				336DA6D4C7DD99EFB1C70EA3 /* Pods-Movs.release.xcconfig */,
			);
			path = Pods;
			sourceTree = "<group>";
		};
		7605D59324FD98020070B9B9 = {
			isa = PBXGroup;
			children = (
				7605D59E24FD98020070B9B9 /* Movs */,
				7605D5D824FEE0F40070B9B9 /* MovsTests */,
				7605D59D24FD98020070B9B9 /* Products */,
				44BB02911D71706F40A65D61 /* Pods */,
				19909DA9F78C2B2FE6C5B70B /* Frameworks */,
			);
			sourceTree = "<group>";
		};
		7605D59D24FD98020070B9B9 /* Products */ = {
			isa = PBXGroup;
			children = (
				7605D59C24FD98020070B9B9 /* Movs.app */,
				7605D5D724FEE0F40070B9B9 /* MovsTests.xctest */,
			);
			name = Products;
			sourceTree = "<group>";
		};
		7605D59E24FD98020070B9B9 /* Movs */ = {
			isa = PBXGroup;
			children = (
				762B47C224FFD3E300CF610E /* REST */,
				7605D5D024FED7150070B9B9 /* Model */,
				7605D5BD24FDA7C00070B9B9 /* FavoritesScreen */,
				7605D5B824FDA76F0070B9B9 /* DetailScreen */,
				7605D5B324FD987C0070B9B9 /* MainScreen */,
				7605D59F24FD98020070B9B9 /* AppDelegate.swift */,
				7605D5A324FD98020070B9B9 /* ViewController.swift */,
				7605D5A824FD98030070B9B9 /* Assets.xcassets */,
				7605D5AA24FD98030070B9B9 /* LaunchScreen.storyboard */,
				7605D5AD24FD98030070B9B9 /* Info.plist */,
			);
			path = Movs;
			sourceTree = "<group>";
		};
		7605D5B324FD987C0070B9B9 /* MainScreen */ = {
			isa = PBXGroup;
			children = (
				7605D5C224FDC5130070B9B9 /* Cells */,
				7605D5B424FD98950070B9B9 /* MainScreenViewController.swift */,
				7605D5B524FD98950070B9B9 /* MainScreenViewController.xib */,
			);
			path = MainScreen;
			sourceTree = "<group>";
		};
		7605D5B824FDA76F0070B9B9 /* DetailScreen */ = {
			isa = PBXGroup;
			children = (
				7605D5B924FDA7B10070B9B9 /* DetailScreenViewController.swift */,
				7605D5BA24FDA7B10070B9B9 /* DetailScreenViewController.xib */,
			);
			path = DetailScreen;
			sourceTree = "<group>";
		};
		7605D5BD24FDA7C00070B9B9 /* FavoritesScreen */ = {
			isa = PBXGroup;
			children = (
				7605D5CB24FDCD580070B9B9 /* Cells */,
				7605D5BE24FDA7DC0070B9B9 /* FavoritesScreenViewController.swift */,
				7605D5BF24FDA7DC0070B9B9 /* FavoritesScreenViewController.xib */,
			);
			path = FavoritesScreen;
			sourceTree = "<group>";
		};
		7605D5C224FDC5130070B9B9 /* Cells */ = {
			isa = PBXGroup;
			children = (
				7605D5C724FDC57A0070B9B9 /* MovieCollectionViewCell.swift */,
				7605D5C824FDC57A0070B9B9 /* MovieCollectionViewCell.xib */,
			);
			path = Cells;
			sourceTree = "<group>";
		};
		7605D5CB24FDCD580070B9B9 /* Cells */ = {
			isa = PBXGroup;
			children = (
				7605D5CC24FDCD750070B9B9 /* FavoriteTableViewCell.swift */,
				7605D5CD24FDCD750070B9B9 /* FavoriteTableViewCell.xib */,
			);
			path = Cells;
			sourceTree = "<group>";
		};
		7605D5D024FED7150070B9B9 /* Model */ = {
			isa = PBXGroup;
			children = (
				7605D5D124FED72C0070B9B9 /* BaseData.swift */,
				763A46282501901E00A8CF5C /* FavoriteManager.swift */,
			);
			path = Model;
			sourceTree = "<group>";
		};
		7605D5D824FEE0F40070B9B9 /* MovsTests */ = {
			isa = PBXGroup;
			children = (
				7605D5E124FEE1030070B9B9 /* Model */,
				7605D5D924FEE0F40070B9B9 /* MovsTests.swift */,
				7605D5DB24FEE0F40070B9B9 /* Info.plist */,
			);
			path = MovsTests;
			sourceTree = "<group>";
		};
		7605D5E124FEE1030070B9B9 /* Model */ = {
			isa = PBXGroup;
			children = (
				7605D5E224FEE12F0070B9B9 /* MovieTests.swift */,
			);
			path = Model;
			sourceTree = "<group>";
		};
		762B47C224FFD3E300CF610E /* REST */ = {
			isa = PBXGroup;
			children = (
				762B47C024FFD38900CF610E /* REST.swift */,
				762B47C324FFD8B200CF610E /* MoviesModel.swift */,
			);
			path = REST;
			sourceTree = "<group>";
		};
/* End PBXGroup section */

/* Begin PBXNativeTarget section */
		7605D59B24FD98020070B9B9 /* Movs */ = {
			isa = PBXNativeTarget;
			buildConfigurationList = 7605D5B024FD98030070B9B9 /* Build configuration list for PBXNativeTarget "Movs" */;
			buildPhases = (
				EFB00EFFF05ACB1EFC14586C /* [CP] Check Pods Manifest.lock */,
				7605D59824FD98020070B9B9 /* Sources */,
				7605D59924FD98020070B9B9 /* Frameworks */,
				7605D59A24FD98020070B9B9 /* Resources */,
				C4E1FB786CE2BBD49F5D275A /* [CP] Embed Pods Frameworks */,
			);
			buildRules = (
			);
			dependencies = (
			);
			name = Movs;
			productName = Movs;
			productReference = 7605D59C24FD98020070B9B9 /* Movs.app */;
			productType = "com.apple.product-type.application";
		};
		7605D5D624FEE0F40070B9B9 /* MovsTests */ = {
			isa = PBXNativeTarget;
			buildConfigurationList = 7605D5DE24FEE0F40070B9B9 /* Build configuration list for PBXNativeTarget "MovsTests" */;
			buildPhases = (
				7605D5D324FEE0F40070B9B9 /* Sources */,
				7605D5D424FEE0F40070B9B9 /* Frameworks */,
				7605D5D524FEE0F40070B9B9 /* Resources */,
			);
			buildRules = (
			);
			dependencies = (
				7605D5DD24FEE0F40070B9B9 /* PBXTargetDependency */,
			);
			name = MovsTests;
			productName = MovsTests;
			productReference = 7605D5D724FEE0F40070B9B9 /* MovsTests.xctest */;
			productType = "com.apple.product-type.bundle.unit-test";
		};
/* End PBXNativeTarget section */

/* Begin PBXProject section */
		7605D59424FD98020070B9B9 /* Project object */ = {
			isa = PBXProject;
			attributes = {
				LastSwiftUpdateCheck = 1160;
				LastUpgradeCheck = 1160;
				ORGANIZATIONNAME = "Jéssica Trindade";
				TargetAttributes = {
					7605D59B24FD98020070B9B9 = {
						CreatedOnToolsVersion = 11.6;
					};
					7605D5D624FEE0F40070B9B9 = {
						CreatedOnToolsVersion = 11.6;
						TestTargetID = 7605D59B24FD98020070B9B9;
					};
				};
			};
			buildConfigurationList = 7605D59724FD98020070B9B9 /* Build configuration list for PBXProject "Movs" */;
			compatibilityVersion = "Xcode 9.3";
			developmentRegion = en;
			hasScannedForEncodings = 0;
			knownRegions = (
				en,
				Base,
			);
			mainGroup = 7605D59324FD98020070B9B9;
			productRefGroup = 7605D59D24FD98020070B9B9 /* Products */;
			projectDirPath = "";
			projectRoot = "";
			targets = (
				7605D59B24FD98020070B9B9 /* Movs */,
				7605D5D624FEE0F40070B9B9 /* MovsTests */,
			);
		};
/* End PBXProject section */

/* Begin PBXResourcesBuildPhase section */
		7605D59A24FD98020070B9B9 /* Resources */ = {
			isa = PBXResourcesBuildPhase;
			buildActionMask = 2147483647;
			files = (
				7605D5AC24FD98030070B9B9 /* LaunchScreen.storyboard in Resources */,
				7605D5BC24FDA7B10070B9B9 /* DetailScreenViewController.xib in Resources */,
				7605D5A924FD98030070B9B9 /* Assets.xcassets in Resources */,
				7605D5C124FDA7DC0070B9B9 /* FavoritesScreenViewController.xib in Resources */,
				7605D5B724FD98950070B9B9 /* MainScreenViewController.xib in Resources */,
				7605D5CF24FDCD750070B9B9 /* FavoriteTableViewCell.xib in Resources */,
				7605D5CA24FDC57A0070B9B9 /* MovieCollectionViewCell.xib in Resources */,
			);
			runOnlyForDeploymentPostprocessing = 0;
		};
		7605D5D524FEE0F40070B9B9 /* Resources */ = {
			isa = PBXResourcesBuildPhase;
			buildActionMask = 2147483647;
			files = (
			);
			runOnlyForDeploymentPostprocessing = 0;
		};
/* End PBXResourcesBuildPhase section */

/* Begin PBXShellScriptBuildPhase section */
		C4E1FB786CE2BBD49F5D275A /* [CP] Embed Pods Frameworks */ = {
			isa = PBXShellScriptBuildPhase;
			buildActionMask = 2147483647;
			files = (
			);
			inputFileListPaths = (
				"${PODS_ROOT}/Target Support Files/Pods-Movs/Pods-Movs-frameworks-${CONFIGURATION}-input-files.xcfilelist",
			);
			name = "[CP] Embed Pods Frameworks";
			outputFileListPaths = (
				"${PODS_ROOT}/Target Support Files/Pods-Movs/Pods-Movs-frameworks-${CONFIGURATION}-output-files.xcfilelist",
			);
			runOnlyForDeploymentPostprocessing = 0;
			shellPath = /bin/sh;
			shellScript = "\"${PODS_ROOT}/Target Support Files/Pods-Movs/Pods-Movs-frameworks.sh\"\n";
			showEnvVarsInLog = 0;
		};
		EFB00EFFF05ACB1EFC14586C /* [CP] Check Pods Manifest.lock */ = {
			isa = PBXShellScriptBuildPhase;
			buildActionMask = 2147483647;
			files = (
			);
			inputFileListPaths = (
			);
			inputPaths = (
				"${PODS_PODFILE_DIR_PATH}/Podfile.lock",
				"${PODS_ROOT}/Manifest.lock",
			);
			name = "[CP] Check Pods Manifest.lock";
			outputFileListPaths = (
			);
			outputPaths = (
				"$(DERIVED_FILE_DIR)/Pods-Movs-checkManifestLockResult.txt",
			);
			runOnlyForDeploymentPostprocessing = 0;
			shellPath = /bin/sh;
			shellScript = "diff \"${PODS_PODFILE_DIR_PATH}/Podfile.lock\" \"${PODS_ROOT}/Manifest.lock\" > /dev/null\nif [ $? != 0 ] ; then\n    # print error to STDERR\n    echo \"error: The sandbox is not in sync with the Podfile.lock. Run 'pod install' or update your CocoaPods installation.\" >&2\n    exit 1\nfi\n# This output is used by Xcode 'outputs' to avoid re-running this script phase.\necho \"SUCCESS\" > \"${SCRIPT_OUTPUT_FILE_0}\"\n";
			showEnvVarsInLog = 0;
		};
/* End PBXShellScriptBuildPhase section */

/* Begin PBXSourcesBuildPhase section */
		7605D59824FD98020070B9B9 /* Sources */ = {
			isa = PBXSourcesBuildPhase;
			buildActionMask = 2147483647;
			files = (
				7605D5A424FD98020070B9B9 /* ViewController.swift in Sources */,
				7605D5C024FDA7DC0070B9B9 /* FavoritesScreenViewController.swift in Sources */,
				762B47C424FFD8B200CF610E /* MoviesModel.swift in Sources */,
				7605D5A024FD98020070B9B9 /* AppDelegate.swift in Sources */,
				7605D5C924FDC57A0070B9B9 /* MovieCollectionViewCell.swift in Sources */,
				763A46292501901E00A8CF5C /* FavoriteManager.swift in Sources */,
				762B47C124FFD38900CF610E /* REST.swift in Sources */,
				7605D5BB24FDA7B10070B9B9 /* DetailScreenViewController.swift in Sources */,
				7605D5CE24FDCD750070B9B9 /* FavoriteTableViewCell.swift in Sources */,
				7605D5D224FED72C0070B9B9 /* BaseData.swift in Sources */,
				7605D5B624FD98950070B9B9 /* MainScreenViewController.swift in Sources */,
			);
			runOnlyForDeploymentPostprocessing = 0;
		};
		7605D5D324FEE0F40070B9B9 /* Sources */ = {
			isa = PBXSourcesBuildPhase;
			buildActionMask = 2147483647;
			files = (
				7605D5E324FEE12F0070B9B9 /* MovieTests.swift in Sources */,
				7605D5DA24FEE0F40070B9B9 /* MovsTests.swift in Sources */,
			);
			runOnlyForDeploymentPostprocessing = 0;
		};
/* End PBXSourcesBuildPhase section */

/* Begin PBXTargetDependency section */
		7605D5DD24FEE0F40070B9B9 /* PBXTargetDependency */ = {
			isa = PBXTargetDependency;
			target = 7605D59B24FD98020070B9B9 /* Movs */;
			targetProxy = 7605D5DC24FEE0F40070B9B9 /* PBXContainerItemProxy */;
		};
/* End PBXTargetDependency section */

/* Begin PBXVariantGroup section */
		7605D5AA24FD98030070B9B9 /* LaunchScreen.storyboard */ = {
			isa = PBXVariantGroup;
			children = (
				7605D5AB24FD98030070B9B9 /* Base */,
			);
			name = LaunchScreen.storyboard;
			sourceTree = "<group>";
		};
/* End PBXVariantGroup section */

/* Begin XCBuildConfiguration section */
		7605D5AE24FD98030070B9B9 /* Debug */ = {
			isa = XCBuildConfiguration;
			buildSettings = {
				ALWAYS_SEARCH_USER_PATHS = NO;
				CLANG_ANALYZER_NONNULL = YES;
				CLANG_ANALYZER_NUMBER_OBJECT_CONVERSION = YES_AGGRESSIVE;
				CLANG_CXX_LANGUAGE_STANDARD = "gnu++14";
				CLANG_CXX_LIBRARY = "libc++";
				CLANG_ENABLE_MODULES = YES;
				CLANG_ENABLE_OBJC_ARC = YES;
				CLANG_ENABLE_OBJC_WEAK = YES;
				CLANG_WARN_BLOCK_CAPTURE_AUTORELEASING = YES;
				CLANG_WARN_BOOL_CONVERSION = YES;
				CLANG_WARN_COMMA = YES;
				CLANG_WARN_CONSTANT_CONVERSION = YES;
				CLANG_WARN_DEPRECATED_OBJC_IMPLEMENTATIONS = YES;
				CLANG_WARN_DIRECT_OBJC_ISA_USAGE = YES_ERROR;
				CLANG_WARN_DOCUMENTATION_COMMENTS = YES;
				CLANG_WARN_EMPTY_BODY = YES;
				CLANG_WARN_ENUM_CONVERSION = YES;
				CLANG_WARN_INFINITE_RECURSION = YES;
				CLANG_WARN_INT_CONVERSION = YES;
				CLANG_WARN_NON_LITERAL_NULL_CONVERSION = YES;
				CLANG_WARN_OBJC_IMPLICIT_RETAIN_SELF = YES;
				CLANG_WARN_OBJC_LITERAL_CONVERSION = YES;
				CLANG_WARN_OBJC_ROOT_CLASS = YES_ERROR;
				CLANG_WARN_RANGE_LOOP_ANALYSIS = YES;
				CLANG_WARN_STRICT_PROTOTYPES = YES;
				CLANG_WARN_SUSPICIOUS_MOVE = YES;
				CLANG_WARN_UNGUARDED_AVAILABILITY = YES_AGGRESSIVE;
				CLANG_WARN_UNREACHABLE_CODE = YES;
				CLANG_WARN__DUPLICATE_METHOD_MATCH = YES;
				COPY_PHASE_STRIP = NO;
				DEBUG_INFORMATION_FORMAT = dwarf;
				ENABLE_STRICT_OBJC_MSGSEND = YES;
				ENABLE_TESTABILITY = YES;
				GCC_C_LANGUAGE_STANDARD = gnu11;
				GCC_DYNAMIC_NO_PIC = NO;
				GCC_NO_COMMON_BLOCKS = YES;
				GCC_OPTIMIZATION_LEVEL = 0;
				GCC_PREPROCESSOR_DEFINITIONS = (
					"DEBUG=1",
					"$(inherited)",
				);
				GCC_WARN_64_TO_32_BIT_CONVERSION = YES;
				GCC_WARN_ABOUT_RETURN_TYPE = YES_ERROR;
				GCC_WARN_UNDECLARED_SELECTOR = YES;
				GCC_WARN_UNINITIALIZED_AUTOS = YES_AGGRESSIVE;
				GCC_WARN_UNUSED_FUNCTION = YES;
				GCC_WARN_UNUSED_VARIABLE = YES;
				IPHONEOS_DEPLOYMENT_TARGET = 13.6;
				MTL_ENABLE_DEBUG_INFO = INCLUDE_SOURCE;
				MTL_FAST_MATH = YES;
				ONLY_ACTIVE_ARCH = YES;
				SDKROOT = iphoneos;
				SWIFT_ACTIVE_COMPILATION_CONDITIONS = DEBUG;
				SWIFT_OPTIMIZATION_LEVEL = "-Onone";
			};
			name = Debug;
		};
		7605D5AF24FD98030070B9B9 /* Release */ = {
			isa = XCBuildConfiguration;
			buildSettings = {
				ALWAYS_SEARCH_USER_PATHS = NO;
				CLANG_ANALYZER_NONNULL = YES;
				CLANG_ANALYZER_NUMBER_OBJECT_CONVERSION = YES_AGGRESSIVE;
				CLANG_CXX_LANGUAGE_STANDARD = "gnu++14";
				CLANG_CXX_LIBRARY = "libc++";
				CLANG_ENABLE_MODULES = YES;
				CLANG_ENABLE_OBJC_ARC = YES;
				CLANG_ENABLE_OBJC_WEAK = YES;
				CLANG_WARN_BLOCK_CAPTURE_AUTORELEASING = YES;
				CLANG_WARN_BOOL_CONVERSION = YES;
				CLANG_WARN_COMMA = YES;
				CLANG_WARN_CONSTANT_CONVERSION = YES;
				CLANG_WARN_DEPRECATED_OBJC_IMPLEMENTATIONS = YES;
				CLANG_WARN_DIRECT_OBJC_ISA_USAGE = YES_ERROR;
				CLANG_WARN_DOCUMENTATION_COMMENTS = YES;
				CLANG_WARN_EMPTY_BODY = YES;
				CLANG_WARN_ENUM_CONVERSION = YES;
				CLANG_WARN_INFINITE_RECURSION = YES;
				CLANG_WARN_INT_CONVERSION = YES;
				CLANG_WARN_NON_LITERAL_NULL_CONVERSION = YES;
				CLANG_WARN_OBJC_IMPLICIT_RETAIN_SELF = YES;
				CLANG_WARN_OBJC_LITERAL_CONVERSION = YES;
				CLANG_WARN_OBJC_ROOT_CLASS = YES_ERROR;
				CLANG_WARN_RANGE_LOOP_ANALYSIS = YES;
				CLANG_WARN_STRICT_PROTOTYPES = YES;
				CLANG_WARN_SUSPICIOUS_MOVE = YES;
				CLANG_WARN_UNGUARDED_AVAILABILITY = YES_AGGRESSIVE;
				CLANG_WARN_UNREACHABLE_CODE = YES;
				CLANG_WARN__DUPLICATE_METHOD_MATCH = YES;
				COPY_PHASE_STRIP = NO;
				DEBUG_INFORMATION_FORMAT = "dwarf-with-dsym";
				ENABLE_NS_ASSERTIONS = NO;
				ENABLE_STRICT_OBJC_MSGSEND = YES;
				GCC_C_LANGUAGE_STANDARD = gnu11;
				GCC_NO_COMMON_BLOCKS = YES;
				GCC_WARN_64_TO_32_BIT_CONVERSION = YES;
				GCC_WARN_ABOUT_RETURN_TYPE = YES_ERROR;
				GCC_WARN_UNDECLARED_SELECTOR = YES;
				GCC_WARN_UNINITIALIZED_AUTOS = YES_AGGRESSIVE;
				GCC_WARN_UNUSED_FUNCTION = YES;
				GCC_WARN_UNUSED_VARIABLE = YES;
				IPHONEOS_DEPLOYMENT_TARGET = 13.6;
				MTL_ENABLE_DEBUG_INFO = NO;
				MTL_FAST_MATH = YES;
				SDKROOT = iphoneos;
				SWIFT_COMPILATION_MODE = wholemodule;
				SWIFT_OPTIMIZATION_LEVEL = "-O";
				VALIDATE_PRODUCT = YES;
			};
			name = Release;
		};
		7605D5B124FD98030070B9B9 /* Debug */ = {
			isa = XCBuildConfiguration;
			baseConfigurationReference = B47423A028E07F239AE83F18 /* Pods-Movs.debug.xcconfig */;
			buildSettings = {
				ASSETCATALOG_COMPILER_APPICON_NAME = AppIcon;
				CODE_SIGN_STYLE = Automatic;
				DEVELOPMENT_TEAM = L442N5GXM2;
				INFOPLIST_FILE = Movs/Info.plist;
				LD_RUNPATH_SEARCH_PATHS = (
					"$(inherited)",
					"@executable_path/Frameworks",
				);
				PRODUCT_BUNDLE_IDENTIFIER = trindade.jessica.Movs;
				PRODUCT_NAME = "$(TARGET_NAME)";
				SWIFT_VERSION = 5.0;
				TARGETED_DEVICE_FAMILY = 1;
			};
			name = Debug;
		};
		7605D5B224FD98030070B9B9 /* Release */ = {
			isa = XCBuildConfiguration;
			baseConfigurationReference = 336DA6D4C7DD99EFB1C70EA3 /* Pods-Movs.release.xcconfig */;
			buildSettings = {
				ASSETCATALOG_COMPILER_APPICON_NAME = AppIcon;
				CODE_SIGN_STYLE = Automatic;
				DEVELOPMENT_TEAM = L442N5GXM2;
				INFOPLIST_FILE = Movs/Info.plist;
				LD_RUNPATH_SEARCH_PATHS = (
					"$(inherited)",
					"@executable_path/Frameworks",
				);
				PRODUCT_BUNDLE_IDENTIFIER = trindade.jessica.Movs;
				PRODUCT_NAME = "$(TARGET_NAME)";
				SWIFT_VERSION = 5.0;
				TARGETED_DEVICE_FAMILY = 1;
			};
			name = Release;
		};
		7605D5DF24FEE0F40070B9B9 /* Debug */ = {
			isa = XCBuildConfiguration;
			buildSettings = {
				BUNDLE_LOADER = "$(TEST_HOST)";
				CODE_SIGN_STYLE = Automatic;
				DEVELOPMENT_TEAM = L442N5GXM2;
				INFOPLIST_FILE = MovsTests/Info.plist;
				LD_RUNPATH_SEARCH_PATHS = (
					"$(inherited)",
					"@executable_path/Frameworks",
					"@loader_path/Frameworks",
				);
				PRODUCT_BUNDLE_IDENTIFIER = trindade.jessica.MovsTests;
				PRODUCT_NAME = "$(TARGET_NAME)";
				SWIFT_VERSION = 5.0;
				TARGETED_DEVICE_FAMILY = "1,2";
				TEST_HOST = "$(BUILT_PRODUCTS_DIR)/Movs.app/Movs";
			};
			name = Debug;
		};
		7605D5E024FEE0F40070B9B9 /* Release */ = {
			isa = XCBuildConfiguration;
			buildSettings = {
				BUNDLE_LOADER = "$(TEST_HOST)";
				CODE_SIGN_STYLE = Automatic;
				DEVELOPMENT_TEAM = L442N5GXM2;
				INFOPLIST_FILE = MovsTests/Info.plist;
				LD_RUNPATH_SEARCH_PATHS = (
					"$(inherited)",
					"@executable_path/Frameworks",
					"@loader_path/Frameworks",
				);
				PRODUCT_BUNDLE_IDENTIFIER = trindade.jessica.MovsTests;
				PRODUCT_NAME = "$(TARGET_NAME)";
				SWIFT_VERSION = 5.0;
				TARGETED_DEVICE_FAMILY = "1,2";
				TEST_HOST = "$(BUILT_PRODUCTS_DIR)/Movs.app/Movs";
			};
			name = Release;
		};
/* End XCBuildConfiguration section */

/* Begin XCConfigurationList section */
		7605D59724FD98020070B9B9 /* Build configuration list for PBXProject "Movs" */ = {
			isa = XCConfigurationList;
			buildConfigurations = (
				7605D5AE24FD98030070B9B9 /* Debug */,
				7605D5AF24FD98030070B9B9 /* Release */,
			);
			defaultConfigurationIsVisible = 0;
			defaultConfigurationName = Release;
		};
		7605D5B024FD98030070B9B9 /* Build configuration list for PBXNativeTarget "Movs" */ = {
			isa = XCConfigurationList;
			buildConfigurations = (
				7605D5B124FD98030070B9B9 /* Debug */,
				7605D5B224FD98030070B9B9 /* Release */,
			);
			defaultConfigurationIsVisible = 0;
			defaultConfigurationName = Release;
		};
		7605D5DE24FEE0F40070B9B9 /* Build configuration list for PBXNativeTarget "MovsTests" */ = {
			isa = XCConfigurationList;
			buildConfigurations = (
				7605D5DF24FEE0F40070B9B9 /* Debug */,
				7605D5E024FEE0F40070B9B9 /* Release */,
			);
			defaultConfigurationIsVisible = 0;
			defaultConfigurationName = Release;
		};
/* End XCConfigurationList section */
	};
	rootObject = 7605D59424FD98020070B9B9 /* Project object */;
}
